# THIS IS AN AUTOGENERATED FILE. DO NOT EDIT THIS FILE DIRECTLY.
# yarn lockfile v1


ip@^1.1.4:
  version "1.1.5"
  resolved "https://registry.npmjs.org/ip/-/ip-1.1.5.tgz#bdded70114290828c0a039e72ef25f5aaec4354a"

smart-buffer@^1.0.13:
  version "1.1.15"
  resolved "https://registry.npmjs.org/smart-buffer/-/smart-buffer-1.1.15.tgz#7f114b5b65fab3e2a35aa775bb12f0d1c649bf16"

socks@1.x:
  version "1.1.10"
  resolved "https://registry.npmjs.org/socks/-/socks-1.1.10.tgz#5b8b7fc7c8f341c53ed056e929b7bf4de8ba7b5a"
  dependencies:
    ip "^1.1.4"
    smart-buffer "^1.0.13"
